
Microsoft Visual Studio Solution File, Format Version 12.00
# Visual Studio 14
VisualStudioVersion = 14.0.24720.0
MinimumVisualStudioVersion = 10.0.40219.1
Project("{2150E333-8FDC-42A3-9474-1A3956D46DE8}") = "Database", "Database", "{1EDA7E08-A09A-496E-80D8-A7C1438405F2}"
EndProject
Project("{2150E333-8FDC-42A3-9474-1A3956D46DE8}") = "Data Access", "Data Access", "{334B6F4D-6993-45D6-81F1-D5CADE752A7C}"
EndProject
Project("{2150E333-8FDC-42A3-9474-1A3956D46DE8}") = "Business", "Business", "{531D8BF9-2F59-49E2-AE44-2ACCC193E6C7}"
EndProject
Project("{2150E333-8FDC-42A3-9474-1A3956D46DE8}") = "Service", "Service", "{60937AE2-C92D-4768-AB9C-2A1C253681D6}"
EndProject
Project("{2150E333-8FDC-42A3-9474-1A3956D46DE8}") = "Presentation", "Presentation", "{EFB17A87-AF89-4E5C-8E86-36137B1FCD39}"
EndProject
Project("{00D1A9C2-B5F0-4AF3-8072-F6C62B433612}") = "Borrower", "Borrower\Borrower.sqlproj", "{9CD731D1-8CED-4906-ABB6-52FF45B8D894}"
EndProject
Project("{2150E333-8FDC-42A3-9474-1A3956D46DE8}") = "Solution Items", "Solution Items", "{03D5E765-29DD-4A98-AB8B-777B877E42A9}"
	ProjectSection(SolutionItems) = preProject
		.nuget\nuget.config = .nuget\nuget.config
	EndProjectSection
EndProject
Project("{FAE04EC0-301F-11D3-BF4B-00C04F79EFBC}") = "Data.EntityModel", "Data.EntityModel\Data.EntityModel.csproj", "{D91D4031-FA31-42FD-9DE9-89DEB6AACB0E}"
EndProject
Project("{FAE04EC0-301F-11D3-BF4B-00C04F79EFBC}") = "Data.Repository", "Data.Repository\Data.Repository.csproj", "{26E8BF82-E915-4D90-839B-F699FA51610B}"
EndProject
Project("{FAE04EC0-301F-11D3-BF4B-00C04F79EFBC}") = "Data.DataAccess", "Data.DataAccess\Data.DataAccess.csproj", "{16541DC8-4173-41CA-A25A-8F894C15B6AD}"
EndProject
Project("{FAE04EC0-301F-11D3-BF4B-00C04F79EFBC}") = "Business.Repository", "Business.Repository\Business.Repository.csproj", "{300A7009-F822-4857-AB60-8F601AC30763}"
EndProject
Project("{FAE04EC0-301F-11D3-BF4B-00C04F79EFBC}") = "Business.Model", "Business.Model\Business.Model.csproj", "{28780D78-D407-418E-8425-1546F354167C}"
EndProject
Project("{FAE04EC0-301F-11D3-BF4B-00C04F79EFBC}") = "Service.Repository", "Service.Repository\Service.Repository.csproj", "{BA164FDF-1032-4F97-8202-32E890696858}"
EndProject
Project("{FAE04EC0-301F-11D3-BF4B-00C04F79EFBC}") = "Service.Logic", "Service.Logic\Service.Logic.csproj", "{D5CB00ED-4F53-4120-AA8E-4042CB1470DC}"
EndProject
Project("{FAE04EC0-301F-11D3-BF4B-00C04F79EFBC}") = "Api.Sdk", "Api.Sdk\Api.Sdk.csproj", "{23536B7E-337B-47C2-A695-F0C6960EFACA}"
EndProject
Project("{FAE04EC0-301F-11D3-BF4B-00C04F79EFBC}") = "Presentation.Api", "Presentation.Api\Presentation.Api.csproj", "{91FD2695-9EAE-47EE-90D7-6008DFBF4FE9}"
EndProject
Project("{2150E333-8FDC-42A3-9474-1A3956D46DE8}") = "Infrastructure", "Infrastructure", "{FA275D4B-DC66-45EA-A031-AC287EE7E106}"
EndProject
Project("{FAE04EC0-301F-11D3-BF4B-00C04F79EFBC}") = "Microservice.Common", "Microservice.Common\Microservice.Common.csproj", "{B612F3BE-24C0-4365-BBA8-4462AFB14B5A}"
EndProject
Global
	GlobalSection(SolutionConfigurationPlatforms) = preSolution
		Debug|Any CPU = Debug|Any CPU
		Debug|x64 = Debug|x64
		Release|Any CPU = Release|Any CPU
		Release|x64 = Release|x64
	EndGlobalSection
	GlobalSection(ProjectConfigurationPlatforms) = postSolution
		{9CD731D1-8CED-4906-ABB6-52FF45B8D894}.Debug|Any CPU.ActiveCfg = Debug|Any CPU
		{9CD731D1-8CED-4906-ABB6-52FF45B8D894}.Debug|Any CPU.Build.0 = Debug|Any CPU
		{9CD731D1-8CED-4906-ABB6-52FF45B8D894}.Debug|Any CPU.Deploy.0 = Debug|Any CPU
		{9CD731D1-8CED-4906-ABB6-52FF45B8D894}.Debug|x64.ActiveCfg = Debug|Any CPU
		{9CD731D1-8CED-4906-ABB6-52FF45B8D894}.Debug|x64.Build.0 = Debug|Any CPU
		{9CD731D1-8CED-4906-ABB6-52FF45B8D894}.Debug|x64.Deploy.0 = Debug|Any CPU
		{9CD731D1-8CED-4906-ABB6-52FF45B8D894}.Release|Any CPU.ActiveCfg = Release|Any CPU
		{9CD731D1-8CED-4906-ABB6-52FF45B8D894}.Release|Any CPU.Build.0 = Release|Any CPU
		{9CD731D1-8CED-4906-ABB6-52FF45B8D894}.Release|Any CPU.Deploy.0 = Release|Any CPU
		{9CD731D1-8CED-4906-ABB6-52FF45B8D894}.Release|x64.ActiveCfg = Release|Any CPU
		{9CD731D1-8CED-4906-ABB6-52FF45B8D894}.Release|x64.Build.0 = Release|Any CPU
		{9CD731D1-8CED-4906-ABB6-52FF45B8D894}.Release|x64.Deploy.0 = Release|Any CPU
		{D91D4031-FA31-42FD-9DE9-89DEB6AACB0E}.Debug|Any CPU.ActiveCfg = Debug|Any CPU
		{D91D4031-FA31-42FD-9DE9-89DEB6AACB0E}.Debug|Any CPU.Build.0 = Debug|Any CPU
		{D91D4031-FA31-42FD-9DE9-89DEB6AACB0E}.Debug|x64.ActiveCfg = Debug|Any CPU
		{D91D4031-FA31-42FD-9DE9-89DEB6AACB0E}.Debug|x64.Build.0 = Debug|Any CPU
		{D91D4031-FA31-42FD-9DE9-89DEB6AACB0E}.Release|Any CPU.ActiveCfg = Release|Any CPU
		{D91D4031-FA31-42FD-9DE9-89DEB6AACB0E}.Release|Any CPU.Build.0 = Release|Any CPU
		{D91D4031-FA31-42FD-9DE9-89DEB6AACB0E}.Release|x64.ActiveCfg = Release|Any CPU
		{D91D4031-FA31-42FD-9DE9-89DEB6AACB0E}.Release|x64.Build.0 = Release|Any CPU
		{26E8BF82-E915-4D90-839B-F699FA51610B}.Debug|Any CPU.ActiveCfg = Debug|Any CPU
		{26E8BF82-E915-4D90-839B-F699FA51610B}.Debug|Any CPU.Build.0 = Debug|Any CPU
		{26E8BF82-E915-4D90-839B-F699FA51610B}.Debug|x64.ActiveCfg = Debug|Any CPU
		{26E8BF82-E915-4D90-839B-F699FA51610B}.Debug|x64.Build.0 = Debug|Any CPU
		{26E8BF82-E915-4D90-839B-F699FA51610B}.Release|Any CPU.ActiveCfg = Release|Any CPU
		{26E8BF82-E915-4D90-839B-F699FA51610B}.Release|Any CPU.Build.0 = Release|Any CPU
		{26E8BF82-E915-4D90-839B-F699FA51610B}.Release|x64.ActiveCfg = Release|Any CPU
		{26E8BF82-E915-4D90-839B-F699FA51610B}.Release|x64.Build.0 = Release|Any CPU
		{16541DC8-4173-41CA-A25A-8F894C15B6AD}.Debug|Any CPU.ActiveCfg = Debug|Any CPU
		{16541DC8-4173-41CA-A25A-8F894C15B6AD}.Debug|Any CPU.Build.0 = Debug|Any CPU
		{16541DC8-4173-41CA-A25A-8F894C15B6AD}.Debug|x64.ActiveCfg = Debug|Any CPU
		{16541DC8-4173-41CA-A25A-8F894C15B6AD}.Debug|x64.Build.0 = Debug|Any CPU
		{16541DC8-4173-41CA-A25A-8F894C15B6AD}.Release|Any CPU.ActiveCfg = Release|Any CPU
		{16541DC8-4173-41CA-A25A-8F894C15B6AD}.Release|Any CPU.Build.0 = Release|Any CPU
		{16541DC8-4173-41CA-A25A-8F894C15B6AD}.Release|x64.ActiveCfg = Release|Any CPU
		{16541DC8-4173-41CA-A25A-8F894C15B6AD}.Release|x64.Build.0 = Release|Any CPU
		{300A7009-F822-4857-AB60-8F601AC30763}.Debug|Any CPU.ActiveCfg = Debug|Any CPU
		{300A7009-F822-4857-AB60-8F601AC30763}.Debug|Any CPU.Build.0 = Debug|Any CPU
		{300A7009-F822-4857-AB60-8F601AC30763}.Debug|x64.ActiveCfg = Debug|Any CPU
		{300A7009-F822-4857-AB60-8F601AC30763}.Debug|x64.Build.0 = Debug|Any CPU
		{300A7009-F822-4857-AB60-8F601AC30763}.Release|Any CPU.ActiveCfg = Release|Any CPU
		{300A7009-F822-4857-AB60-8F601AC30763}.Release|Any CPU.Build.0 = Release|Any CPU
		{300A7009-F822-4857-AB60-8F601AC30763}.Release|x64.ActiveCfg = Release|Any CPU
		{300A7009-F822-4857-AB60-8F601AC30763}.Release|x64.Build.0 = Release|Any CPU
		{28780D78-D407-418E-8425-1546F354167C}.Debug|Any CPU.ActiveCfg = Debug|Any CPU
		{28780D78-D407-418E-8425-1546F354167C}.Debug|Any CPU.Build.0 = Debug|Any CPU
		{28780D78-D407-418E-8425-1546F354167C}.Debug|x64.ActiveCfg = Debug|Any CPU
		{28780D78-D407-418E-8425-1546F354167C}.Debug|x64.Build.0 = Debug|Any CPU
		{28780D78-D407-418E-8425-1546F354167C}.Release|Any CPU.ActiveCfg = Release|Any CPU
		{28780D78-D407-418E-8425-1546F354167C}.Release|Any CPU.Build.0 = Release|Any CPU
		{28780D78-D407-418E-8425-1546F354167C}.Release|x64.ActiveCfg = Release|Any CPU
		{28780D78-D407-418E-8425-1546F354167C}.Release|x64.Build.0 = Release|Any CPU
		{BA164FDF-1032-4F97-8202-32E890696858}.Debug|Any CPU.ActiveCfg = Debug|Any CPU
		{BA164FDF-1032-4F97-8202-32E890696858}.Debug|Any CPU.Build.0 = Debug|Any CPU
		{BA164FDF-1032-4F97-8202-32E890696858}.Debug|x64.ActiveCfg = Debug|Any CPU
		{BA164FDF-1032-4F97-8202-32E890696858}.Debug|x64.Build.0 = Debug|Any CPU
		{BA164FDF-1032-4F97-8202-32E890696858}.Release|Any CPU.ActiveCfg = Release|Any CPU
		{BA164FDF-1032-4F97-8202-32E890696858}.Release|Any CPU.Build.0 = Release|Any CPU
		{BA164FDF-1032-4F97-8202-32E890696858}.Release|x64.ActiveCfg = Release|Any CPU
		{BA164FDF-1032-4F97-8202-32E890696858}.Release|x64.Build.0 = Release|Any CPU
		{D5CB00ED-4F53-4120-AA8E-4042CB1470DC}.Debug|Any CPU.ActiveCfg = Debug|Any CPU
		{D5CB00ED-4F53-4120-AA8E-4042CB1470DC}.Debug|Any CPU.Build.0 = Debug|Any CPU
		{D5CB00ED-4F53-4120-AA8E-4042CB1470DC}.Debug|x64.ActiveCfg = Debug|Any CPU
		{D5CB00ED-4F53-4120-AA8E-4042CB1470DC}.Debug|x64.Build.0 = Debug|Any CPU
		{D5CB00ED-4F53-4120-AA8E-4042CB1470DC}.Release|Any CPU.ActiveCfg = Release|Any CPU
		{D5CB00ED-4F53-4120-AA8E-4042CB1470DC}.Release|Any CPU.Build.0 = Release|Any CPU
		{D5CB00ED-4F53-4120-AA8E-4042CB1470DC}.Release|x64.ActiveCfg = Release|Any CPU
		{D5CB00ED-4F53-4120-AA8E-4042CB1470DC}.Release|x64.Build.0 = Release|Any CPU
		{23536B7E-337B-47C2-A695-F0C6960EFACA}.Debug|Any CPU.ActiveCfg = Debug|Any CPU
		{23536B7E-337B-47C2-A695-F0C6960EFACA}.Debug|Any CPU.Build.0 = Debug|Any CPU
		{23536B7E-337B-47C2-A695-F0C6960EFACA}.Debug|x64.ActiveCfg = Debug|Any CPU
		{23536B7E-337B-47C2-A695-F0C6960EFACA}.Debug|x64.Build.0 = Debug|Any CPU
		{23536B7E-337B-47C2-A695-F0C6960EFACA}.Release|Any CPU.ActiveCfg = Release|Any CPU
		{23536B7E-337B-47C2-A695-F0C6960EFACA}.Release|Any CPU.Build.0 = Release|Any CPU
		{23536B7E-337B-47C2-A695-F0C6960EFACA}.Release|x64.ActiveCfg = Release|Any CPU
		{23536B7E-337B-47C2-A695-F0C6960EFACA}.Release|x64.Build.0 = Release|Any CPU
		{91FD2695-9EAE-47EE-90D7-6008DFBF4FE9}.Debug|Any CPU.ActiveCfg = Debug|Any CPU
		{91FD2695-9EAE-47EE-90D7-6008DFBF4FE9}.Debug|Any CPU.Build.0 = Debug|Any CPU
		{91FD2695-9EAE-47EE-90D7-6008DFBF4FE9}.Debug|Any CPU.Deploy.0 = Debug|Any CPU
		{91FD2695-9EAE-47EE-90D7-6008DFBF4FE9}.Debug|x64.ActiveCfg = Debug|Any CPU
		{91FD2695-9EAE-47EE-90D7-6008DFBF4FE9}.Debug|x64.Build.0 = Debug|Any CPU
		{91FD2695-9EAE-47EE-90D7-6008DFBF4FE9}.Release|Any CPU.ActiveCfg = Release|Any CPU
		{91FD2695-9EAE-47EE-90D7-6008DFBF4FE9}.Release|Any CPU.Build.0 = Release|Any CPU
		{91FD2695-9EAE-47EE-90D7-6008DFBF4FE9}.Release|x64.ActiveCfg = Release|Any CPU
		{91FD2695-9EAE-47EE-90D7-6008DFBF4FE9}.Release|x64.Build.0 = Release|Any CPU
		{B612F3BE-24C0-4365-BBA8-4462AFB14B5A}.Debug|Any CPU.ActiveCfg = Debug|Any CPU
		{B612F3BE-24C0-4365-BBA8-4462AFB14B5A}.Debug|Any CPU.Build.0 = Debug|Any CPU
		{B612F3BE-24C0-4365-BBA8-4462AFB14B5A}.Debug|x64.ActiveCfg = Debug|Any CPU
		{B612F3BE-24C0-4365-BBA8-4462AFB14B5A}.Debug|x64.Build.0 = Debug|Any CPU
		{B612F3BE-24C0-4365-BBA8-4462AFB14B5A}.Release|Any CPU.ActiveCfg = Release|Any CPU
		{B612F3BE-24C0-4365-BBA8-4462AFB14B5A}.Release|Any CPU.Build.0 = Release|Any CPU
		{B612F3BE-24C0-4365-BBA8-4462AFB14B5A}.Release|x64.ActiveCfg = Release|Any CPU
		{B612F3BE-24C0-4365-BBA8-4462AFB14B5A}.Release|x64.Build.0 = Release|Any CPU
	EndGlobalSection
	GlobalSection(SolutionProperties) = preSolution
		HideSolutionNode = FALSE
	EndGlobalSection
	GlobalSection(NestedProjects) = preSolution
		{9CD731D1-8CED-4906-ABB6-52FF45B8D894} = {1EDA7E08-A09A-496E-80D8-A7C1438405F2}
		{D91D4031-FA31-42FD-9DE9-89DEB6AACB0E} = {334B6F4D-6993-45D6-81F1-D5CADE752A7C}
		{26E8BF82-E915-4D90-839B-F699FA51610B} = {334B6F4D-6993-45D6-81F1-D5CADE752A7C}
		{16541DC8-4173-41CA-A25A-8F894C15B6AD} = {334B6F4D-6993-45D6-81F1-D5CADE752A7C}
		{300A7009-F822-4857-AB60-8F601AC30763} = {531D8BF9-2F59-49E2-AE44-2ACCC193E6C7}
		{28780D78-D407-418E-8425-1546F354167C} = {531D8BF9-2F59-49E2-AE44-2ACCC193E6C7}
		{BA164FDF-1032-4F97-8202-32E890696858} = {60937AE2-C92D-4768-AB9C-2A1C253681D6}
		{D5CB00ED-4F53-4120-AA8E-4042CB1470DC} = {60937AE2-C92D-4768-AB9C-2A1C253681D6}
		{23536B7E-337B-47C2-A695-F0C6960EFACA} = {EFB17A87-AF89-4E5C-8E86-36137B1FCD39}
		{91FD2695-9EAE-47EE-90D7-6008DFBF4FE9} = {EFB17A87-AF89-4E5C-8E86-36137B1FCD39}
		{B612F3BE-24C0-4365-BBA8-4462AFB14B5A} = {FA275D4B-DC66-45EA-A031-AC287EE7E106}
	EndGlobalSection
EndGlobal
